// !$*UTF8*$!
{
	archiveVersion = 1;
	classes = {
	};
	objectVersion = 50;
	objects = {

/* Begin PBXBuildFile section */
		BF3A7B642589A364009FDF53 /* cash.png in Resources */ = {isa = PBXBuildFile; fileRef = BF3A7B632589A364009FDF53 /* cash.png */; };
		BFA2E5902585A17900389270 /* AppDelegate.swift in Sources */ = {isa = PBXBuildFile; fileRef = BFA2E58F2585A17900389270 /* AppDelegate.swift */; };
		BFA2E5922585A17900389270 /* SceneDelegate.swift in Sources */ = {isa = PBXBuildFile; fileRef = BFA2E5912585A17900389270 /* SceneDelegate.swift */; };
		BFA2E5942585A17900389270 /* ViewController.swift in Sources */ = {isa = PBXBuildFile; fileRef = BFA2E5932585A17900389270 /* ViewController.swift */; };
		BFA2E5972585A17900389270 /* Main.storyboard in Resources */ = {isa = PBXBuildFile; fileRef = BFA2E5952585A17900389270 /* Main.storyboard */; };
		BFA2E5992585A17A00389270 /* Assets.xcassets in Resources */ = {isa = PBXBuildFile; fileRef = BFA2E5982585A17A00389270 /* Assets.xcassets */; };
		BFA2E59C2585A17A00389270 /* LaunchScreen.storyboard in Resources */ = {isa = PBXBuildFile; fileRef = BFA2E59A2585A17A00389270 /* LaunchScreen.storyboard */; };
		BFA2E5A72585A17A00389270 /* tipTests.swift in Sources */ = {isa = PBXBuildFile; fileRef = BFA2E5A62585A17A00389270 /* tipTests.swift */; };
		BFA2E5B22585A17A00389270 /* tipUITests.swift in Sources */ = {isa = PBXBuildFile; fileRef = BFA2E5B12585A17A00389270 /* tipUITests.swift */; };
		BFA2E5C32585CDE200389270 /* SettingsViewController.swift in Sources */ = {isa = PBXBuildFile; fileRef = BFA2E5C22585CDE200389270 /* SettingsViewController.swift */; };
/* End PBXBuildFile section */

/* Begin PBXContainerItemProxy section */
		BFA2E5A32585A17A00389270 /* PBXContainerItemProxy */ = {
			isa = PBXContainerItemProxy;
			containerPortal = BFA2E5842585A17900389270 /* Project object */;
			proxyType = 1;
			remoteGlobalIDString = BFA2E58B2585A17900389270;
			remoteInfo = tip;
		};
		BFA2E5AE2585A17A00389270 /* PBXContainerItemProxy */ = {
			isa = PBXContainerItemProxy;
			containerPortal = BFA2E5842585A17900389270 /* Project object */;
			proxyType = 1;
			remoteGlobalIDString = BFA2E58B2585A17900389270;
			remoteInfo = tip;
		};
/* End PBXContainerItemProxy section */

/* Begin PBXFileReference section */
		BF3A7B632589A364009FDF53 /* cash.png */ = {isa = PBXFileReference; lastKnownFileType = image.png; name = cash.png; path = ../../../Downloads/cash.png; sourceTree = "<group>"; };
		BFA2E58C2585A17900389270 /* tip.app */ = {isa = PBXFileReference; explicitFileType = wrapper.application; includeInIndex = 0; path = tip.app; sourceTree = BUILT_PRODUCTS_DIR; };
		BFA2E58F2585A17900389270 /* AppDelegate.swift */ = {isa = PBXFileReference; lastKnownFileType = sourcecode.swift; path = AppDelegate.swift; sourceTree = "<group>"; };
		BFA2E5912585A17900389270 /* SceneDelegate.swift */ = {isa = PBXFileReference; lastKnownFileType = sourcecode.swift; path = SceneDelegate.swift; sourceTree = "<group>"; };
		BFA2E5932585A17900389270 /* ViewController.swift */ = {isa = PBXFileReference; lastKnownFileType = sourcecode.swift; path = ViewController.swift; sourceTree = "<group>"; };
		BFA2E5962585A17900389270 /* Base */ = {isa = PBXFileReference; lastKnownFileType = file.storyboard; name = Base; path = Base.lproj/Main.storyboard; sourceTree = "<group>"; };
		BFA2E5982585A17A00389270 /* Assets.xcassets */ = {isa = PBXFileReference; lastKnownFileType = folder.assetcatalog; path = Assets.xcassets; sourceTree = "<group>"; };
		BFA2E59B2585A17A00389270 /* Base */ = {isa = PBXFileReference; lastKnownFileType = file.storyboard; name = Base; path = Base.lproj/LaunchScreen.storyboard; sourceTree = "<group>"; };
		BFA2E59D2585A17A00389270 /* Info.plist */ = {isa = PBXFileReference; lastKnownFileType = text.plist.xml; path = Info.plist; sourceTree = "<group>"; };
		BFA2E5A22585A17A00389270 /* tipTests.xctest */ = {isa = PBXFileReference; explicitFileType = wrapper.cfbundle; includeInIndex = 0; path = tipTests.xctest; sourceTree = BUILT_PRODUCTS_DIR; };
		BFA2E5A62585A17A00389270 /* tipTests.swift */ = {isa = PBXFileReference; lastKnownFileType = sourcecode.swift; path = tipTests.swift; sourceTree = "<group>"; };
		BFA2E5A82585A17A00389270 /* Info.plist */ = {isa = PBXFileReference; lastKnownFileType = text.plist.xml; path = Info.plist; sourceTree = "<group>"; };
		BFA2E5AD2585A17A00389270 /* tipUITests.xctest */ = {isa = PBXFileReference; explicitFileType = wrapper.cfbundle; includeInIndex = 0; path = tipUITests.xctest; sourceTree = BUILT_PRODUCTS_DIR; };
		BFA2E5B12585A17A00389270 /* tipUITests.swift */ = {isa = PBXFileReference; lastKnownFileType = sourcecode.swift; path = tipUITests.swift; sourceTree = "<group>"; };
		BFA2E5B32585A17A00389270 /* Info.plist */ = {isa = PBXFileReference; lastKnownFileType = text.plist.xml; path = Info.plist; sourceTree = "<group>"; };
		BFA2E5C22585CDE200389270 /* SettingsViewController.swift */ = {isa = PBXFileReference; lastKnownFileType = sourcecode.swift; path = SettingsViewController.swift; sourceTree = "<group>"; };
/* End PBXFileReference section */

/* Begin PBXFrameworksBuildPhase section */
		BFA2E5892585A17900389270 /* Frameworks */ = {
			isa = PBXFrameworksBuildPhase;
			buildActionMask = 2147483647;
			files = (
			);
			runOnlyForDeploymentPostprocessing = 0;
		};
		BFA2E59F2585A17A00389270 /* Frameworks */ = {
			isa = PBXFrameworksBuildPhase;
			buildActionMask = 2147483647;
			files = (
			);
			runOnlyForDeploymentPostprocessing = 0;
		};
		BFA2E5AA2585A17A00389270 /* Frameworks */ = {
			isa = PBXFrameworksBuildPhase;
			buildActionMask = 2147483647;
			files = (
			);
			runOnlyForDeploymentPostprocessing = 0;
		};
/* End PBXFrameworksBuildPhase section */

/* Begin PBXGroup section */
		BFA2E5832585A17900389270 = {
			isa = PBXGroup;
			children = (
				BFA2E58E2585A17900389270 /* tip */,
				BFA2E5A52585A17A00389270 /* tipTests */,
				BFA2E5B02585A17A00389270 /* tipUITests */,
				BFA2E58D2585A17900389270 /* Products */,
			);
			sourceTree = "<group>";
		};
		BFA2E58D2585A17900389270 /* Products */ = {
			isa = PBXGroup;
			children = (
				BFA2E58C2585A17900389270 /* tip.app */,
				BFA2E5A22585A17A00389270 /* tipTests.xctest */,
				BFA2E5AD2585A17A00389270 /* tipUITests.xctest */,
			);
			name = Products;
			sourceTree = "<group>";
		};
		BFA2E58E2585A17900389270 /* tip */ = {
			isa = PBXGroup;
			children = (
				BFA2E58F2585A17900389270 /* AppDelegate.swift */,
				BFA2E5912585A17900389270 /* SceneDelegate.swift */,
				BFA2E5932585A17900389270 /* ViewController.swift */,
				BFA2E5952585A17900389270 /* Main.storyboard */,
				BFA2E5C22585CDE200389270 /* SettingsViewController.swift */,
				BFA2E5982585A17A00389270 /* Assets.xcassets */,
				BFA2E59A2585A17A00389270 /* LaunchScreen.storyboard */,
				BF3A7B632589A364009FDF53 /* cash.png */,
				BFA2E59D2585A17A00389270 /* Info.plist */,
			);
			path = tip;
			sourceTree = "<group>";
		};
		BFA2E5A52585A17A00389270 /* tipTests */ = {
			isa = PBXGroup;
			children = (
				BFA2E5A62585A17A00389270 /* tipTests.swift */,
				BFA2E5A82585A17A00389270 /* Info.plist */,
			);
			path = tipTests;
			sourceTree = "<group>";
		};
		BFA2E5B02585A17A00389270 /* tipUITests */ = {
			isa = PBXGroup;
			children = (
				BFA2E5B12585A17A00389270 /* tipUITests.swift */,
				BFA2E5B32585A17A00389270 /* Info.plist */,
			);
			path = tipUITests;
			sourceTree = "<group>";
		};
/* End PBXGroup section */

/* Begin PBXNativeTarget section */
		BFA2E58B2585A17900389270 /* tip */ = {
			isa = PBXNativeTarget;
			buildConfigurationList = BFA2E5B62585A17A00389270 /* Build configuration list for PBXNativeTarget "tip" */;
			buildPhases = (
				BFA2E5882585A17900389270 /* Sources */,
				BFA2E5892585A17900389270 /* Frameworks */,
				BFA2E58A2585A17900389270 /* Resources */,
			);
			buildRules = (
			);
			dependencies = (
			);
			name = tip;
			productName = tip;
			productReference = BFA2E58C2585A17900389270 /* tip.app */;
			productType = "com.apple.product-type.application";
		};
		BFA2E5A12585A17A00389270 /* tipTests */ = {
			isa = PBXNativeTarget;
			buildConfigurationList = BFA2E5B92585A17A00389270 /* Build configuration list for PBXNativeTarget "tipTests" */;
			buildPhases = (
				BFA2E59E2585A17A00389270 /* Sources */,
				BFA2E59F2585A17A00389270 /* Frameworks */,
				BFA2E5A02585A17A00389270 /* Resources */,
			);
			buildRules = (
			);
			dependencies = (
				BFA2E5A42585A17A00389270 /* PBXTargetDependency */,
			);
			name = tipTests;
			productName = tipTests;
			productReference = BFA2E5A22585A17A00389270 /* tipTests.xctest */;
			productType = "com.apple.product-type.bundle.unit-test";
		};
		BFA2E5AC2585A17A00389270 /* tipUITests */ = {
			isa = PBXNativeTarget;
			buildConfigurationList = BFA2E5BC2585A17A00389270 /* Build configuration list for PBXNativeTarget "tipUITests" */;
			buildPhases = (
				BFA2E5A92585A17A00389270 /* Sources */,
				BFA2E5AA2585A17A00389270 /* Frameworks */,
				BFA2E5AB2585A17A00389270 /* Resources */,
			);
			buildRules = (
			);
			dependencies = (
				BFA2E5AF2585A17A00389270 /* PBXTargetDependency */,
			);
			name = tipUITests;
			productName = tipUITests;
			productReference = BFA2E5AD2585A17A00389270 /* tipUITests.xctest */;
			productType = "com.apple.product-type.bundle.ui-testing";
		};
/* End PBXNativeTarget section */

/* Begin PBXProject section */
		BFA2E5842585A17900389270 /* Project object */ = {
			isa = PBXProject;
			attributes = {
				LastSwiftUpdateCheck = 1220;
				LastUpgradeCheck = 1220;
				TargetAttributes = {
					BFA2E58B2585A17900389270 = {
						CreatedOnToolsVersion = 12.2;
					};
					BFA2E5A12585A17A00389270 = {
						CreatedOnToolsVersion = 12.2;
						TestTargetID = BFA2E58B2585A17900389270;
					};
					BFA2E5AC2585A17A00389270 = {
						CreatedOnToolsVersion = 12.2;
						TestTargetID = BFA2E58B2585A17900389270;
					};
				};
			};
			buildConfigurationList = BFA2E5872585A17900389270 /* Build configuration list for PBXProject "tip" */;
			compatibilityVersion = "Xcode 9.3";
			developmentRegion = en;
			hasScannedForEncodings = 0;
			knownRegions = (
				en,
				Base,
			);
			mainGroup = BFA2E5832585A17900389270;
			productRefGroup = BFA2E58D2585A17900389270 /* Products */;
			projectDirPath = "";
			projectRoot = "";
			targets = (
				BFA2E58B2585A17900389270 /* tip */,
				BFA2E5A12585A17A00389270 /* tipTests */,
				BFA2E5AC2585A17A00389270 /* tipUITests */,
			);
		};
/* End PBXProject section */

/* Begin PBXResourcesBuildPhase section */
		BFA2E58A2585A17900389270 /* Resources */ = {
			isa = PBXResourcesBuildPhase;
			buildActionMask = 2147483647;
			files = (
				BFA2E59C2585A17A00389270 /* LaunchScreen.storyboard in Resources */,
				BFA2E5992585A17A00389270 /* Assets.xcassets in Resources */,
				BF3A7B642589A364009FDF53 /* cash.png in Resources */,
				BFA2E5972585A17900389270 /* Main.storyboard in Resources */,
			);
			runOnlyForDeploymentPostprocessing = 0;
		};
		BFA2E5A02585A17A00389270 /* Resources */ = {
			isa = PBXResourcesBuildPhase;
			buildActionMask = 2147483647;
			files = (
			);
			runOnlyForDeploymentPostprocessing = 0;
		};
		BFA2E5AB2585A17A00389270 /* Resources */ = {
			isa = PBXResourcesBuildPhase;
			buildActionMask = 2147483647;
			files = (
			);
			runOnlyForDeploymentPostprocessing = 0;
		};
/* End PBXResourcesBuildPhase section */

/* Begin PBXSourcesBuildPhase section */
		BFA2E5882585A17900389270 /* Sources */ = {
			isa = PBXSourcesBuildPhase;
			buildActionMask = 2147483647;
			files = (
				BFA2E5942585A17900389270 /* ViewController.swift in Sources */,
				BFA2E5902585A17900389270 /* AppDelegate.swift in Sources */,
				BFA2E5922585A17900389270 /* SceneDelegate.swift in Sources */,
				BFA2E5C32585CDE200389270 /* SettingsViewController.swift in Sources */,
			);
			runOnlyForDeploymentPostprocessing = 0;
		};
		BFA2E59E2585A17A00389270 /* Sources */ = {
			isa = PBXSourcesBuildPhase;
			buildActionMask = 2147483647;
			files = (
				BFA2E5A72585A17A00389270 /* tipTests.swift in Sources */,
			);
			runOnlyForDeploymentPostprocessing = 0;
		};
		BFA2E5A92585A17A00389270 /* Sources */ = {
			isa = PBXSourcesBuildPhase;
			buildActionMask = 2147483647;
			files = (
				BFA2E5B22585A17A00389270 /* tipUITests.swift in Sources */,
			);
			runOnlyForDeploymentPostprocessing = 0;
		};
/* End PBXSourcesBuildPhase section */

/* Begin PBXTargetDependency section */
		BFA2E5A42585A17A00389270 /* PBXTargetDependency */ = {
			isa = PBXTargetDependency;
			target = BFA2E58B2585A17900389270 /* tip */;
			targetProxy = BFA2E5A32585A17A00389270 /* PBXContainerItemProxy */;
		};
		BFA2E5AF2585A17A00389270 /* PBXTargetDependency */ = {
			isa = PBXTargetDependency;
			target = BFA2E58B2585A17900389270 /* tip */;
			targetProxy = BFA2E5AE2585A17A00389270 /* PBXContainerItemProxy */;
		};
/* End PBXTargetDependency section */

/* Begin PBXVariantGroup section */
		BFA2E5952585A17900389270 /* Main.storyboard */ = {
			isa = PBXVariantGroup;
			children = (
				BFA2E5962585A17900389270 /* Base */,
			);
			name = Main.storyboard;
			sourceTree = "<group>";
		};
		BFA2E59A2585A17A00389270 /* LaunchScreen.storyboard */ = {
			isa = PBXVariantGroup;
			children = (
				BFA2E59B2585A17A00389270 /* Base */,
			);
			name = LaunchScreen.storyboard;
			sourceTree = "<group>";
		};
/* End PBXVariantGroup section */

/* Begin XCBuildConfiguration section */
		BFA2E5B42585A17A00389270 /* Debug */ = {
			isa = XCBuildConfiguration;
			buildSettings = {
				ALWAYS_SEARCH_USER_PATHS = NO;
				CLANG_ANALYZER_NONNULL = YES;
				CLANG_ANALYZER_NUMBER_OBJECT_CONVERSION = YES_AGGRESSIVE;
				CLANG_CXX_LANGUAGE_STANDARD = "gnu++14";
				CLANG_CXX_LIBRARY = "libc++";
				CLANG_ENABLE_MODULES = YES;
				CLANG_ENABLE_OBJC_ARC = YES;
				CLANG_ENABLE_OBJC_WEAK = YES;
				CLANG_WARN_BLOCK_CAPTURE_AUTORELEASING = YES;
				CLANG_WARN_BOOL_CONVERSION = YES;
				CLANG_WARN_COMMA = YES;
				CLANG_WARN_CONSTANT_CONVERSION = YES;
				CLANG_WARN_DEPRECATED_OBJC_IMPLEMENTATIONS = YES;
				CLANG_WARN_DIRECT_OBJC_ISA_USAGE = YES_ERROR;
				CLANG_WARN_DOCUMENTATION_COMMENTS = YES;
				CLANG_WARN_EMPTY_BODY = YES;
				CLANG_WARN_ENUM_CONVERSION = YES;
				CLANG_WARN_INFINITE_RECURSION = YES;
				CLANG_WARN_INT_CONVERSION = YES;
				CLANG_WARN_NON_LITERAL_NULL_CONVERSION = YES;
				CLANG_WARN_OBJC_IMPLICIT_RETAIN_SELF = YES;
				CLANG_WARN_OBJC_LITERAL_CONVERSION = YES;
				CLANG_WARN_OBJC_ROOT_CLASS = YES_ERROR;
				CLANG_WARN_QUOTED_INCLUDE_IN_FRAMEWORK_HEADER = YES;
				CLANG_WARN_RANGE_LOOP_ANALYSIS = YES;
				CLANG_WARN_STRICT_PROTOTYPES = YES;
				CLANG_WARN_SUSPICIOUS_MOVE = YES;
				CLANG_WARN_UNGUARDED_AVAILABILITY = YES_AGGRESSIVE;
				CLANG_WARN_UNREACHABLE_CODE = YES;
				CLANG_WARN__DUPLICATE_METHOD_MATCH = YES;
				COPY_PHASE_STRIP = NO;
				DEBUG_INFORMATION_FORMAT = dwarf;
				ENABLE_STRICT_OBJC_MSGSEND = YES;
				ENABLE_TESTABILITY = YES;
				GCC_C_LANGUAGE_STANDARD = gnu11;
				GCC_DYNAMIC_NO_PIC = NO;
				GCC_NO_COMMON_BLOCKS = YES;
				GCC_OPTIMIZATION_LEVEL = 0;
				GCC_PREPROCESSOR_DEFINITIONS = (
					"DEBUG=1",
					"$(inherited)",
				);
				GCC_WARN_64_TO_32_BIT_CONVERSION = YES;
				GCC_WARN_ABOUT_RETURN_TYPE = YES_ERROR;
				GCC_WARN_UNDECLARED_SELECTOR = YES;
				GCC_WARN_UNINITIALIZED_AUTOS = YES_AGGRESSIVE;
				GCC_WARN_UNUSED_FUNCTION = YES;
				GCC_WARN_UNUSED_VARIABLE = YES;
				IPHONEOS_DEPLOYMENT_TARGET = 14.2;
				MTL_ENABLE_DEBUG_INFO = INCLUDE_SOURCE;
				MTL_FAST_MATH = YES;
				ONLY_ACTIVE_ARCH = YES;
				SDKROOT = iphoneos;
				SWIFT_ACTIVE_COMPILATION_CONDITIONS = DEBUG;
				SWIFT_OPTIMIZATION_LEVEL = "-Onone";
			};
			name = Debug;
		};
		BFA2E5B52585A17A00389270 /* Release */ = {
			isa = XCBuildConfiguration;
			buildSettings = {
				ALWAYS_SEARCH_USER_PATHS = NO;
				CLANG_ANALYZER_NONNULL = YES;
				CLANG_ANALYZER_NUMBER_OBJECT_CONVERSION = YES_AGGRESSIVE;
				CLANG_CXX_LANGUAGE_STANDARD = "gnu++14";
				CLANG_CXX_LIBRARY = "libc++";
				CLANG_ENABLE_MODULES = YES;
				CLANG_ENABLE_OBJC_ARC = YES;
				CLANG_ENABLE_OBJC_WEAK = YES;
				CLANG_WARN_BLOCK_CAPTURE_AUTORELEASING = YES;
				CLANG_WARN_BOOL_CONVERSION = YES;
				CLANG_WARN_COMMA = YES;
				CLANG_WARN_CONSTANT_CONVERSION = YES;
				CLANG_WARN_DEPRECATED_OBJC_IMPLEMENTATIONS = YES;
				CLANG_WARN_DIRECT_OBJC_ISA_USAGE = YES_ERROR;
				CLANG_WARN_DOCUMENTATION_COMMENTS = YES;
				CLANG_WARN_EMPTY_BODY = YES;
				CLANG_WARN_ENUM_CONVERSION = YES;
				CLANG_WARN_INFINITE_RECURSION = YES;
				CLANG_WARN_INT_CONVERSION = YES;
				CLANG_WARN_NON_LITERAL_NULL_CONVERSION = YES;
				CLANG_WARN_OBJC_IMPLICIT_RETAIN_SELF = YES;
				CLANG_WARN_OBJC_LITERAL_CONVERSION = YES;
				CLANG_WARN_OBJC_ROOT_CLASS = YES_ERROR;
				CLANG_WARN_QUOTED_INCLUDE_IN_FRAMEWORK_HEADER = YES;
				CLANG_WARN_RANGE_LOOP_ANALYSIS = YES;
				CLANG_WARN_STRICT_PROTOTYPES = YES;
				CLANG_WARN_SUSPICIOUS_MOVE = YES;
				CLANG_WARN_UNGUARDED_AVAILABILITY = YES_AGGRESSIVE;
				CLANG_WARN_UNREACHABLE_CODE = YES;
				CLANG_WARN__DUPLICATE_METHOD_MATCH = YES;
				COPY_PHASE_STRIP = NO;
				DEBUG_INFORMATION_FORMAT = "dwarf-with-dsym";
				ENABLE_NS_ASSERTIONS = NO;
				ENABLE_STRICT_OBJC_MSGSEND = YES;
				GCC_C_LANGUAGE_STANDARD = gnu11;
				GCC_NO_COMMON_BLOCKS = YES;
				GCC_WARN_64_TO_32_BIT_CONVERSION = YES;
				GCC_WARN_ABOUT_RETURN_TYPE = YES_ERROR;
				GCC_WARN_UNDECLARED_SELECTOR = YES;
				GCC_WARN_UNINITIALIZED_AUTOS = YES_AGGRESSIVE;
				GCC_WARN_UNUSED_FUNCTION = YES;
				GCC_WARN_UNUSED_VARIABLE = YES;
				IPHONEOS_DEPLOYMENT_TARGET = 14.2;
				MTL_ENABLE_DEBUG_INFO = NO;
				MTL_FAST_MATH = YES;
				SDKROOT = iphoneos;
				SWIFT_COMPILATION_MODE = wholemodule;
				SWIFT_OPTIMIZATION_LEVEL = "-O";
				VALIDATE_PRODUCT = YES;
			};
			name = Release;
		};
		BFA2E5B72585A17A00389270 /* Debug */ = {
			isa = XCBuildConfiguration;
			buildSettings = {
				ASSETCATALOG_COMPILER_APPICON_NAME = AppIcon;
				ASSETCATALOG_COMPILER_GLOBAL_ACCENT_COLOR_NAME = AccentColor;
				CODE_SIGN_STYLE = Automatic;
				INFOPLIST_FILE = tip/Info.plist;
				LD_RUNPATH_SEARCH_PATHS = (
					"$(inherited)",
					"@executable_path/Frameworks",
				);
				PRODUCT_BUNDLE_IDENTIFIER = Codepath.tip;
				PRODUCT_NAME = "$(TARGET_NAME)";
				SWIFT_VERSION = 5.0;
				TARGETED_DEVICE_FAMILY = "1,2";
			};
			name = Debug;
		};
		BFA2E5B82585A17A00389270 /* Release */ = {
			isa = XCBuildConfiguration;
			buildSettings = {
				ASSETCATALOG_COMPILER_APPICON_NAME = AppIcon;
				ASSETCATALOG_COMPILER_GLOBAL_ACCENT_COLOR_NAME = AccentColor;
				CODE_SIGN_STYLE = Automatic;
				INFOPLIST_FILE = tip/Info.plist;
				LD_RUNPATH_SEARCH_PATHS = (
					"$(inherited)",
					"@executable_path/Frameworks",
				);
				PRODUCT_BUNDLE_IDENTIFIER = Codepath.tip;
				PRODUCT_NAME = "$(TARGET_NAME)";
				SWIFT_VERSION = 5.0;
				TARGETED_DEVICE_FAMILY = "1,2";
			};
			name = Release;
		};
		BFA2E5BA2585A17A00389270 /* Debug */ = {
			isa = XCBuildConfiguration;
			buildSettings = {
				ALWAYS_EMBED_SWIFT_STANDARD_LIBRARIES = YES;
				BUNDLE_LOADER = "$(TEST_HOST)";
				CODE_SIGN_STYLE = Automatic;
				INFOPLIST_FILE = tipTests/Info.plist;
				IPHONEOS_DEPLOYMENT_TARGET = 14.2;
				LD_RUNPATH_SEARCH_PATHS = (
					"$(inherited)",
					"@executable_path/Frameworks",
					"@loader_path/Frameworks",
				);
				PRODUCT_BUNDLE_IDENTIFIER = Codepath.tipTests;
				PRODUCT_NAME = "$(TARGET_NAME)";
				SWIFT_VERSION = 5.0;
				TARGETED_DEVICE_FAMILY = "1,2";
				TEST_HOST = "$(BUILT_PRODUCTS_DIR)/tip.app/tip";
			};
			name = Debug;
		};
		BFA2E5BB2585A17A00389270 /* Release */ = {
			isa = XCBuildConfiguration;
			buildSettings = {
				ALWAYS_EMBED_SWIFT_STANDARD_LIBRARIES = YES;
				BUNDLE_LOADER = "$(TEST_HOST)";
				CODE_SIGN_STYLE = Automatic;
				INFOPLIST_FILE = tipTests/Info.plist;
				IPHONEOS_DEPLOYMENT_TARGET = 14.2;
				LD_RUNPATH_SEARCH_PATHS = (
					"$(inherited)",
					"@executable_path/Frameworks",
					"@loader_path/Frameworks",
				);
				PRODUCT_BUNDLE_IDENTIFIER = Codepath.tipTests;
				PRODUCT_NAME = "$(TARGET_NAME)";
				SWIFT_VERSION = 5.0;
				TARGETED_DEVICE_FAMILY = "1,2";
				TEST_HOST = "$(BUILT_PRODUCTS_DIR)/tip.app/tip";
			};
			name = Release;
		};
		BFA2E5BD2585A17A00389270 /* Debug */ = {
			isa = XCBuildConfiguration;
			buildSettings = {
				ALWAYS_EMBED_SWIFT_STANDARD_LIBRARIES = YES;
				CODE_SIGN_STYLE = Automatic;
				INFOPLIST_FILE = tipUITests/Info.plist;
				LD_RUNPATH_SEARCH_PATHS = (
					"$(inherited)",
					"@executable_path/Frameworks",
					"@loader_path/Frameworks",
				);
				PRODUCT_BUNDLE_IDENTIFIER = Codepath.tipUITests;
				PRODUCT_NAME = "$(TARGET_NAME)";
				SWIFT_VERSION = 5.0;
				TARGETED_DEVICE_FAMILY = "1,2";
				TEST_TARGET_NAME = tip;
			};
			name = Debug;
		};
		BFA2E5BE2585A17A00389270 /* Release */ = {
			isa = XCBuildConfiguration;
			buildSettings = {
				ALWAYS_EMBED_SWIFT_STANDARD_LIBRARIES = YES;
				CODE_SIGN_STYLE = Automatic;
				INFOPLIST_FILE = tipUITests/Info.plist;
				LD_RUNPATH_SEARCH_PATHS = (
					"$(inherited)",
					"@executable_path/Frameworks",
					"@loader_path/Frameworks",
				);
				PRODUCT_BUNDLE_IDENTIFIER = Codepath.tipUITests;
				PRODUCT_NAME = "$(TARGET_NAME)";
				SWIFT_VERSION = 5.0;
				TARGETED_DEVICE_FAMILY = "1,2";
				TEST_TARGET_NAME = tip;
			};
			name = Release;
		};
/* End XCBuildConfiguration section */

/* Begin XCConfigurationList section */
		BFA2E5872585A17900389270 /* Build configuration list for PBXProject "tip" */ = {
			isa = XCConfigurationList;
			buildConfigurations = (
				BFA2E5B42585A17A00389270 /* Debug */,
				BFA2E5B52585A17A00389270 /* Release */,
			);
			defaultConfigurationIsVisible = 0;
			defaultConfigurationName = Release;
		};
		BFA2E5B62585A17A00389270 /* Build configuration list for PBXNativeTarget "tip" */ = {
			isa = XCConfigurationList;
			buildConfigurations = (
				BFA2E5B72585A17A00389270 /* Debug */,
				BFA2E5B82585A17A00389270 /* Release */,
			);
			defaultConfigurationIsVisible = 0;
			defaultConfigurationName = Release;
		};
		BFA2E5B92585A17A00389270 /* Build configuration list for PBXNativeTarget "tipTests" */ = {
			isa = XCConfigurationList;
			buildConfigurations = (
				BFA2E5BA2585A17A00389270 /* Debug */,
				BFA2E5BB2585A17A00389270 /* Release */,
			);
			defaultConfigurationIsVisible = 0;
			defaultConfigurationName = Release;
		};
		BFA2E5BC2585A17A00389270 /* Build configuration list for PBXNativeTarget "tipUITests" */ = {
			isa = XCConfigurationList;
			buildConfigurations = (
				BFA2E5BD2585A17A00389270 /* Debug */,
				BFA2E5BE2585A17A00389270 /* Release */,
			);
			defaultConfigurationIsVisible = 0;
			defaultConfigurationName = Release;
		};
/* End XCConfigurationList section */
	};
	rootObject = BFA2E5842585A17900389270 /* Project object */;
}
